{
  "originHash" : "ec87c901a966a0f9f36b764433349d1bbe2a33b446247aade0a1a24f52b49acb",
  "pins" : [
    {
      "identity" : "floatingpanel",
      "kind" : "remoteSourceControl",
      "location" : "https://github.com/scenee/FloatingPanel",
      "state" : {
        "revision" : "3803821e04bae3647c434495fab44fdd33cf7368",
        "version" : "3.2.3"
      }
    }
  ],
  "version" : 3
}
